version = 1
revision = 2
requires-python = ">=3.11"

[[package]]
name = "decmp"
version = "0.1.0"
source = { virtual = "." }
dependencies = [
    { name = "tree-sitter" },
    { name = "tree-sitter-javascript" },
]

[package.metadata]
requires-dist = [
    { name = "tree-sitter", specifier = ">=0.24.0" },
    { name = "tree-sitter-javascript", specifier = ">=0.23.1" },
]

[[package]]
name = "tree-sitter"
version = "0.24.0"
source = { registry = "https://pypi.org/simple" }
sdist = { url = "https://files.pythonhosted.org/packages/a7/a2/698b9d31d08ad5558f8bfbfe3a0781bd4b1f284e89bde3ad18e05101a892/tree-sitter-0.24.0.tar.gz", hash = "sha256:abd95af65ca2f4f7eca356343391ed669e764f37748b5352946f00f7fc78e734", size = 168304, upload-time = "2025-01-17T05:06:38.115Z" }
wheels = [
    { url = "https://files.pythonhosted.org/packages/66/08/82aaf7cbea7286ee2a0b43e9b75cb93ac6ac132991b7d3c26ebe5e5235a3/tree_sitter-0.24.0-cp311-cp311-macosx_10_9_x86_64.whl", hash = "sha256:de0fb7c18c6068cacff46250c0a0473e8fc74d673e3e86555f131c2c1346fb13", size = 140733, upload-time = "2025-01-17T05:05:56.307Z" },
    { url = "https://files.pythonhosted.org/packages/8c/bd/1a84574911c40734d80327495e6e218e8f17ef318dd62bb66b55c1e969f5/tree_sitter-0.24.0-cp311-cp311-macosx_11_0_arm64.whl", hash = "sha256:a7c9c89666dea2ce2b2bf98e75f429d2876c569fab966afefdcd71974c6d8538", size = 134243, upload-time = "2025-01-17T05:05:58.706Z" },
    { url = "https://files.pythonhosted.org/packages/46/c1/c2037af2c44996d7bde84eb1c9e42308cc84b547dd6da7f8a8bea33007e1/tree_sitter-0.24.0-cp311-cp311-manylinux_2_17_aarch64.manylinux2014_aarch64.whl", hash = "sha256:4ddb113e6b8b3e3b199695b1492a47d87d06c538e63050823d90ef13cac585fd", size = 562030, upload-time = "2025-01-17T05:05:59.825Z" },
    { url = "https://files.pythonhosted.org/packages/4c/aa/2fb4d81886df958e6ec7e370895f7106d46d0bbdcc531768326124dc8972/tree_sitter-0.24.0-cp311-cp311-manylinux_2_17_x86_64.manylinux2014_x86_64.whl", hash = "sha256:01ea01a7003b88b92f7f875da6ba9d5d741e0c84bb1bd92c503c0eecd0ee6409", size = 575585, upload-time = "2025-01-17T05:06:01.045Z" },
    { url = "https://files.pythonhosted.org/packages/e3/3c/5f997ce34c0d1b744e0f0c0757113bdfc173a2e3dadda92c751685cfcbd1/tree_sitter-0.24.0-cp311-cp311-musllinux_1_2_x86_64.whl", hash = "sha256:464fa5b2cac63608915a9de8a6efd67a4da1929e603ea86abaeae2cb1fe89921", size = 578203, upload-time = "2025-01-17T05:06:02.255Z" },
    { url = "https://files.pythonhosted.org/packages/d5/1f/f2bc7fa7c3081653ea4f2639e06ff0af4616c47105dbcc0746137da7620d/tree_sitter-0.24.0-cp311-cp311-win_amd64.whl", hash = "sha256:3b1f3cbd9700e1fba0be2e7d801527e37c49fc02dc140714669144ef6ab58dce", size = 120147, upload-time = "2025-01-17T05:06:05.233Z" },
    { url = "https://files.pythonhosted.org/packages/c0/4c/9add771772c4d72a328e656367ca948e389432548696a3819b69cdd6f41e/tree_sitter-0.24.0-cp311-cp311-win_arm64.whl", hash = "sha256:f3f08a2ca9f600b3758792ba2406971665ffbad810847398d180c48cee174ee2", size = 108302, upload-time = "2025-01-17T05:06:07.487Z" },
    { url = "https://files.pythonhosted.org/packages/e9/57/3a590f287b5aa60c07d5545953912be3d252481bf5e178f750db75572bff/tree_sitter-0.24.0-cp312-cp312-macosx_10_13_x86_64.whl", hash = "sha256:14beeff5f11e223c37be7d5d119819880601a80d0399abe8c738ae2288804afc", size = 140788, upload-time = "2025-01-17T05:06:08.492Z" },
    { url = "https://files.pythonhosted.org/packages/61/0b/fc289e0cba7dbe77c6655a4dd949cd23c663fd62a8b4d8f02f97e28d7fe5/tree_sitter-0.24.0-cp312-cp312-macosx_11_0_arm64.whl", hash = "sha256:26a5b130f70d5925d67b47db314da209063664585a2fd36fa69e0717738efaf4", size = 133945, upload-time = "2025-01-17T05:06:12.39Z" },
    { url = "https://files.pythonhosted.org/packages/86/d7/80767238308a137e0b5b5c947aa243e3c1e3e430e6d0d5ae94b9a9ffd1a2/tree_sitter-0.24.0-cp312-cp312-manylinux_2_17_aarch64.manylinux2014_aarch64.whl", hash = "sha256:5fc5c3c26d83c9d0ecb4fc4304fba35f034b7761d35286b936c1db1217558b4e", size = 564819, upload-time = "2025-01-17T05:06:13.549Z" },
    { url = "https://files.pythonhosted.org/packages/bf/b3/6c5574f4b937b836601f5fb556b24804b0a6341f2eb42f40c0e6464339f4/tree_sitter-0.24.0-cp312-cp312-manylinux_2_17_x86_64.manylinux2014_x86_64.whl", hash = "sha256:772e1bd8c0931c866b848d0369b32218ac97c24b04790ec4b0e409901945dd8e", size = 579303, upload-time = "2025-01-17T05:06:16.685Z" },
    { url = "https://files.pythonhosted.org/packages/0a/f4/bd0ddf9abe242ea67cca18a64810f8af230fc1ea74b28bb702e838ccd874/tree_sitter-0.24.0-cp312-cp312-musllinux_1_2_x86_64.whl", hash = "sha256:24a8dd03b0d6b8812425f3b84d2f4763322684e38baf74e5bb766128b5633dc7", size = 581054, upload-time = "2025-01-17T05:06:19.439Z" },
    { url = "https://files.pythonhosted.org/packages/8c/1c/ff23fa4931b6ef1bbeac461b904ca7e49eaec7e7e5398584e3eef836ec96/tree_sitter-0.24.0-cp312-cp312-win_amd64.whl", hash = "sha256:f9e8b1605ab60ed43803100f067eed71b0b0e6c1fb9860a262727dbfbbb74751", size = 120221, upload-time = "2025-01-17T05:06:20.654Z" },
    { url = "https://files.pythonhosted.org/packages/b2/2a/9979c626f303177b7612a802237d0533155bf1e425ff6f73cc40f25453e2/tree_sitter-0.24.0-cp312-cp312-win_arm64.whl", hash = "sha256:f733a83d8355fc95561582b66bbea92ffd365c5d7a665bc9ebd25e049c2b2abb", size = 108234, upload-time = "2025-01-17T05:06:21.713Z" },
    { url = "https://files.pythonhosted.org/packages/61/cd/2348339c85803330ce38cee1c6cbbfa78a656b34ff58606ebaf5c9e83bd0/tree_sitter-0.24.0-cp313-cp313-macosx_10_13_x86_64.whl", hash = "sha256:0d4a6416ed421c4210f0ca405a4834d5ccfbb8ad6692d4d74f7773ef68f92071", size = 140781, upload-time = "2025-01-17T05:06:22.82Z" },
    { url = "https://files.pythonhosted.org/packages/8b/a3/1ea9d8b64e8dcfcc0051028a9c84a630301290995cd6e947bf88267ef7b1/tree_sitter-0.24.0-cp313-cp313-macosx_11_0_arm64.whl", hash = "sha256:e0992d483677e71d5c5d37f30dfb2e3afec2f932a9c53eec4fca13869b788c6c", size = 133928, upload-time = "2025-01-17T05:06:25.146Z" },
    { url = "https://files.pythonhosted.org/packages/fe/ae/55c1055609c9428a4aedf4b164400ab9adb0b1bf1538b51f4b3748a6c983/tree_sitter-0.24.0-cp313-cp313-manylinux_2_17_aarch64.manylinux2014_aarch64.whl", hash = "sha256:57277a12fbcefb1c8b206186068d456c600dbfbc3fd6c76968ee22614c5cd5ad", size = 564497, upload-time = "2025-01-17T05:06:27.53Z" },
    { url = "https://files.pythonhosted.org/packages/ce/d0/f2ffcd04882c5aa28d205a787353130cbf84b2b8a977fd211bdc3b399ae3/tree_sitter-0.24.0-cp313-cp313-manylinux_2_17_x86_64.manylinux2014_x86_64.whl", hash = "sha256:d25fa22766d63f73716c6fec1a31ee5cf904aa429484256bd5fdf5259051ed74", size = 578917, upload-time = "2025-01-17T05:06:31.057Z" },
    { url = "https://files.pythonhosted.org/packages/af/82/aebe78ea23a2b3a79324993d4915f3093ad1af43d7c2208ee90be9273273/tree_sitter-0.24.0-cp313-cp313-musllinux_1_2_x86_64.whl", hash = "sha256:7d5d9537507e1c8c5fa9935b34f320bfec4114d675e028f3ad94f11cf9db37b9", size = 581148, upload-time = "2025-01-17T05:06:32.409Z" },
    { url = "https://files.pythonhosted.org/packages/a1/b4/6b0291a590c2b0417cfdb64ccb8ea242f270a46ed429c641fbc2bfab77e0/tree_sitter-0.24.0-cp313-cp313-win_amd64.whl", hash = "sha256:f58bb4956917715ec4d5a28681829a8dad5c342cafd4aea269f9132a83ca9b34", size = 120207, upload-time = "2025-01-17T05:06:34.841Z" },
    { url = "https://files.pythonhosted.org/packages/a8/18/542fd844b75272630229c9939b03f7db232c71a9d82aadc59c596319ea6a/tree_sitter-0.24.0-cp313-cp313-win_arm64.whl", hash = "sha256:23641bd25dcd4bb0b6fa91b8fb3f46cc9f1c9f475efe4d536d3f1f688d1b84c8", size = 108232, upload-time = "2025-01-17T05:06:35.831Z" },
]

[[package]]
name = "tree-sitter-javascript"
version = "0.23.1"
source = { registry = "https://pypi.org/simple" }
sdist = { url = "https://files.pythonhosted.org/packages/cd/dc/1c55c33cc6bbe754359b330534cf9f261c1b9b2c26ddf23aef3c5fa67759/tree_sitter_javascript-0.23.1.tar.gz", hash = "sha256:b2059ce8b150162cda05a457ca3920450adbf915119c04b8c67b5241cd7fcfed", size = 110058, upload-time = "2024-11-10T05:40:42.357Z" }
wheels = [
    { url = "https://files.pythonhosted.org/packages/20/d3/c67d7d49967344b51208ad19f105233be1afdf07d3dcb35b471900265227/tree_sitter_javascript-0.23.1-cp39-abi3-macosx_10_9_x86_64.whl", hash = "sha256:6ca583dad4bd79d3053c310b9f7208cd597fd85f9947e4ab2294658bb5c11e35", size = 59333, upload-time = "2024-11-10T05:40:31.988Z" },
    { url = "https://files.pythonhosted.org/packages/a5/db/ea0ee1547679d1750e80a0c4bc60b3520b166eeaf048764cfdd1ba3fd5e5/tree_sitter_javascript-0.23.1-cp39-abi3-macosx_11_0_arm64.whl", hash = "sha256:94100e491a6a247aa4d14caf61230c171b6376c863039b6d9cd71255c2d815ec", size = 61071, upload-time = "2024-11-10T05:40:33.458Z" },
    { url = "https://files.pythonhosted.org/packages/67/6e/07c4857e08be37bfb55bfb269863df8ec908b2f6a3f1893cd852b893ecab/tree_sitter_javascript-0.23.1-cp39-abi3-manylinux_2_17_aarch64.manylinux2014_aarch64.whl", hash = "sha256:5a6bc1055b061c5055ec58f39ee9b2e9efb8e6e0ae970838af74da0afb811f0a", size = 96999, upload-time = "2024-11-10T05:40:34.869Z" },
    { url = "https://files.pythonhosted.org/packages/5f/f5/4de730afe8b9422845bc2064020a8a8f49ebd1695c04261c38d1b3e3edec/tree_sitter_javascript-0.23.1-cp39-abi3-manylinux_2_5_x86_64.manylinux1_x86_64.manylinux_2_17_x86_64.manylinux2014_x86_64.whl", hash = "sha256:056dc04fb6b24293f8c5fec43c14e7e16ba2075b3009c643abf8c85edc4c7c3c", size = 94020, upload-time = "2024-11-10T05:40:35.735Z" },
    { url = "https://files.pythonhosted.org/packages/77/0a/f980520da86c4eff8392867840a945578ef43372c9d4a37922baa6b121fe/tree_sitter_javascript-0.23.1-cp39-abi3-musllinux_1_2_x86_64.whl", hash = "sha256:a11ca1c0f736da42967586b568dff8a465ee148a986c15ebdc9382806e0ce871", size = 92927, upload-time = "2024-11-10T05:40:37.92Z" },
    { url = "https://files.pythonhosted.org/packages/ff/5c/36a98d512aa1d1082409d6b7eda5d26b820bd4477a54100ad9f62212bc55/tree_sitter_javascript-0.23.1-cp39-abi3-win_amd64.whl", hash = "sha256:041fa22b34250ea6eb313d33104d5303f79504cb259d374d691e38bbdc49145b", size = 58824, upload-time = "2024-11-10T05:40:39.903Z" },
    { url = "https://files.pythonhosted.org/packages/dc/79/ceb21988e6de615355a63eebcf806cd2a0fe875bec27b429d58b63e7fb5f/tree_sitter_javascript-0.23.1-cp39-abi3-win_arm64.whl", hash = "sha256:eb28130cd2fb30d702d614cbf61ef44d1c7f6869e7d864a9cc17111e370be8f7", size = 57027, upload-time = "2024-11-10T05:40:40.841Z" },
]
